<?xml version="1.0" encoding="utf-8"?>
<Project ToolsVersion="4.0" xmlns="http://schemas.microsoft.com/developer/msbuild/2003">
  <ItemGroup>
    <Filter Include="Source Files">
      <UniqueIdentifier>{4FC737F1-C7A5-4376-A066-2A32D752A2FF}</UniqueIdentifier>
      <Extensions>cpp;c;cc;cxx;c++;cppm;ixx;def;odl;idl;hpj;bat;asm;asmx</Extensions>
    </Filter>
    <Filter Include="Header Files">
      <UniqueIdentifier>{93995380-89BD-4b04-88EB-625FBE52EBFB}</UniqueIdentifier>
      <Extensions>h;hh;hpp;hxx;h++;hm;inl;inc;ipp;xsd</Extensions>
    </Filter>
    <Filter Include="Resource Files">
      <UniqueIdentifier>{67DA6AB6-F800-4c08-8B7A-83BB121AAD01}</UniqueIdentifier>
      <Extensions>rc;ico;cur;bmp;dlg;rc2;rct;bin;rgs;gif;jpg;jpeg;jpe;resx;tiff;tif;png;wav;mfcribbon-ms</Extensions>
    </Filter>
    <Filter Include="Header Files\MESSAGES">
      <UniqueIdentifier>{18d81987-fb55-480d-98ef-a03db3f2d872}</UniqueIdentifier>
    </Filter>
    <Filter Include="Header Files\DATA STRUCTURES">
      <UniqueIdentifier>{a13da81d-a682-4308-8c87-9e5597ca0ff5}</UniqueIdentifier>
    </Filter>
    <Filter Include="Header Files\PROCESSING 1">
      <UniqueIdentifier>{f6d6a8c5-8fec-4ef3-9c0d-fbc010ce500a}</UniqueIdentifier>
    </Filter>
    <Filter Include="Header Files\PROCESSING 2">
      <UniqueIdentifier>{bba60dfa-3480-4cd1-8d20-dee22ed13583}</UniqueIdentifier>
    </Filter>
    <Filter Include="Header Files\PROCESSING 3">
      <UniqueIdentifier>{56d80552-ed18-4fab-858a-16b2f2281e1d}</UniqueIdentifier>
    </Filter>
    <Filter Include="Source Files\PROCESSING 1">
      <UniqueIdentifier>{f89fd07e-10dc-4b3e-98cf-48f7151fa852}</UniqueIdentifier>
    </Filter>
    <Filter Include="Source Files\PROCESSING 2">
      <UniqueIdentifier>{c2afb705-1d93-4ddf-9548-d0eef21e1a27}</UniqueIdentifier>
    </Filter>
    <Filter Include="Source Files\PROCESSING 3">
      <UniqueIdentifier>{74d1f8f4-bfb1-4627-81d6-7003193b10e9}</UniqueIdentifier>
    </Filter>
    <Filter Include="Header Files\PREPROCESSING">
      <UniqueIdentifier>{d9fbf4da-9b94-49bd-b961-e22048959346}</UniqueIdentifier>
    </Filter>
    <Filter Include="Source Files\PREPROCESSING">
      <UniqueIdentifier>{ab32face-85a1-49ca-91c7-62252b67270e}</UniqueIdentifier>
    </Filter>
  </ItemGroup>
  <ItemGroup>
    <ClCompile Include="main.cpp">
      <Filter>Source Files</Filter>
    </ClCompile>
    <ClCompile Include="Slice.cpp">
      <Filter>Source Files\PREPROCESSING</Filter>
    </ClCompile>
    <ClCompile Include="SeriesBuilder.cpp">
      <Filter>Source Files\PREPROCESSING</Filter>
    </ClCompile>
    <ClCompile Include="EdgeSet.cpp">
      <Filter>Source Files\PROCESSING 1</Filter>
    </ClCompile>
    <ClCompile Include="EdgeExtractor.cpp">
      <Filter>Source Files\PROCESSING 1</Filter>
    </ClCompile>
  </ItemGroup>
  <ItemGroup>
    <ClInclude Include="Slice.hpp">
      <Filter>Header Files\PREPROCESSING</Filter>
    </ClInclude>
    <ClInclude Include="SeriesBuilder.hpp">
      <Filter>Header Files\PREPROCESSING</Filter>
    </ClInclude>
    <ClInclude Include="thread_safe_queue.hpp">
      <Filter>Header Files\DATA STRUCTURES</Filter>
    </ClInclude>
    <ClInclude Include="Warnings.hpp">
      <Filter>Header Files\MESSAGES</Filter>
    </ClInclude>
    <ClInclude Include="thread_pool.hpp">
      <Filter>Header Files\DATA STRUCTURES</Filter>
    </ClInclude>
    <ClInclude Include="resource.h">
      <Filter>Resource Files</Filter>
    </ClInclude>
    <ClInclude Include="EdgeSet.hpp">
      <Filter>Header Files\PROCESSING 1</Filter>
    </ClInclude>
    <ClInclude Include="EdgeExtractor.hpp">
      <Filter>Header Files\PROCESSING 1</Filter>
    </ClInclude>
  </ItemGroup>
  <ItemGroup>
    <None Include="cpp.hint" />
  </ItemGroup>
  <ItemGroup>
    <ResourceCompile Include="StatusCodeLic.rc">
      <Filter>Resource Files</Filter>
    </ResourceCompile>
  </ItemGroup>
  <ItemGroup>
    <Image Include="icon.ico">
      <Filter>Resource Files</Filter>
    </Image>
  </ItemGroup>
</Project>